
Microsoft Visual Studio Solution File, Format Version 12.00
# Visual Studio Version 17
VisualStudioVersion = 17.4.33103.184
MinimumVisualStudioVersion = 10.0.40219.1
Project("{FAE04EC0-301F-11D3-BF4B-00C04F79EFBC}") = "UmbracoEshop", "UmbracoEshop\UmbracoEshop.csproj", "{ABD4DDB4-E3FD-4CF9-96AA-4C196B6F2E60}"
EndProject
Project("{FAE04EC0-301F-11D3-BF4B-00C04F79EFBC}") = "UmbracoEshop.lib", "UmbracoEshop.lib\UmbracoEshop.lib.csproj", "{84767E13-E0FC-4FEC-87ED-A719DDE1C819}"
EndProject
Project("{FAE04EC0-301F-11D3-BF4B-00C04F79EFBC}") = "dufeksoft.lib", "..\dufeksoft\dufeksoft.lib\dufeksoft.lib\dufeksoft.lib.csproj", "{3B16A948-37A3-4301-B11B-BFDE6E95FB10}"
EndProject
Global
	GlobalSection(SolutionConfigurationPlatforms) = preSolution
		Debug|Any CPU = Debug|Any CPU
		Release|Any CPU = Release|Any CPU
	EndGlobalSection
	GlobalSection(ProjectConfigurationPlatforms) = postSolution
		{ABD4DDB4-E3FD-4CF9-96AA-4C196B6F2E60}.Debug|Any CPU.ActiveCfg = Debug|Any CPU
		{ABD4DDB4-E3FD-4CF9-96AA-4C196B6F2E60}.Debug|Any CPU.Build.0 = Debug|Any CPU
		{ABD4DDB4-E3FD-4CF9-96AA-4C196B6F2E60}.Release|Any CPU.ActiveCfg = Release|Any CPU
		{ABD4DDB4-E3FD-4CF9-96AA-4C196B6F2E60}.Release|Any CPU.Build.0 = Release|Any CPU
		{84767E13-E0FC-4FEC-87ED-A719DDE1C819}.Debug|Any CPU.ActiveCfg = Debug|Any CPU
		{84767E13-E0FC-4FEC-87ED-A719DDE1C819}.Debug|Any CPU.Build.0 = Debug|Any CPU
		{84767E13-E0FC-4FEC-87ED-A719DDE1C819}.Release|Any CPU.ActiveCfg = Release|Any CPU
		{84767E13-E0FC-4FEC-87ED-A719DDE1C819}.Release|Any CPU.Build.0 = Release|Any CPU
		{3B16A948-37A3-4301-B11B-BFDE6E95FB10}.Debug|Any CPU.ActiveCfg = Debug|Any CPU
		{3B16A948-37A3-4301-B11B-BFDE6E95FB10}.Debug|Any CPU.Build.0 = Debug|Any CPU
		{3B16A948-37A3-4301-B11B-BFDE6E95FB10}.Release|Any CPU.ActiveCfg = Release|Any CPU
		{3B16A948-37A3-4301-B11B-BFDE6E95FB10}.Release|Any CPU.Build.0 = Release|Any CPU
	EndGlobalSection
	GlobalSection(SolutionProperties) = preSolution
		HideSolutionNode = FALSE
	EndGlobalSection
	GlobalSection(ExtensibilityGlobals) = postSolution
		SolutionGuid = {5AF1C0AE-3C26-4258-9042-00FAF9A9478C}
	EndGlobalSection
EndGlobal
